
Microsoft Visual Studio Solution File, Format Version 12.00
# Visual Studio Version 16
VisualStudioVersion = 16.0.30907.101
MinimumVisualStudioVersion = 10.0.40219.1
Project("{9A19103F-16F7-4668-BE54-9A1E7A4F7556}") = "CommentEverythingServiceBusConnectorLib", "CommentEverythingServiceBusConnectorNETCore\CommentEverythingServiceBusConnectorLib.csproj", "{AB2CFD46-6BE7-44B1-9686-253395E07C01}"
EndProject
Global
	GlobalSection(SolutionConfigurationPlatforms) = preSolution
		Debug|Any CPU = Debug|Any CPU
		Release|Any CPU = Release|Any CPU
	EndGlobalSection
	GlobalSection(ProjectConfigurationPlatforms) = postSolution
		{AB2CFD46-6BE7-44B1-9686-253395E07C01}.Debug|Any CPU.ActiveCfg = Debug|Any CPU
		{AB2CFD46-6BE7-44B1-9686-253395E07C01}.Debug|Any CPU.Build.0 = Debug|Any CPU
		{AB2CFD46-6BE7-44B1-9686-253395E07C01}.Release|Any CPU.ActiveCfg = Release|Any CPU
		{AB2CFD46-6BE7-44B1-9686-253395E07C01}.Release|Any CPU.Build.0 = Release|Any CPU
	EndGlobalSection
	GlobalSection(SolutionProperties) = preSolution
		HideSolutionNode = FALSE
	EndGlobalSection
	GlobalSection(ExtensibilityGlobals) = postSolution
		SolutionGuid = {277AD6E7-09DB-443D-AFF1-1DE97238459C}
	EndGlobalSection
EndGlobal
